
Microsoft Visual Studio Solution File, Format Version 12.00
# Visual Studio Version 17
VisualStudioVersion = 17.0.31903.59
MinimumVisualStudioVersion = 10.0.40219.1
Project("{FAE04EC0-301F-11D3-BF4B-00C04F79EFBC}") = "task3.cs", "task3.cs\task3.cs.csproj", "{468B71E7-998D-4B75-B61A-8C179B542A92}"
EndProject
Project("{FAE04EC0-301F-11D3-BF4B-00C04F79EFBC}") = "may20", "may20\may20.csproj", "{C0443B95-FD51-4B74-ABBA-B508F78AD253}"
EndProject
Project("{FAE04EC0-301F-11D3-BF4B-00C04F79EFBC}") = "ConsoleApp1", "ConsoleApp1\ConsoleApp1.csproj", "{129F7D71-CEA4-44A0-B79A-A41D8EAEC32F}"
EndProject
Project("{FAE04EC0-301F-11D3-BF4B-00C04F79EFBC}") = "may-21", "may-21\may-21.csproj", "{92313672-1CDB-4B65-8263-2AC75DA6F004}"
EndProject
Project("{2150E333-8FDC-42A3-9474-1A3956D46DE8}") = "may-22", "may-22", "{BDE68988-2AA9-B2B1-7DAE-FF44EB3A1611}"
EndProject
Project("{FAE04EC0-301F-11D3-BF4B-00C04F79EFBC}") = "LSP", "may-22\LSP\LSP.csproj", "{C04D3B46-1580-4355-A9F9-A65A77DDA90B}"
EndProject
Project("{FAE04EC0-301F-11D3-BF4B-00C04F79EFBC}") = "ISP", "may-22\ISP\ISP.csproj", "{54B7AA4B-AC4C-4BB1-B177-C871A2CF0870}"
EndProject
Project("{FAE04EC0-301F-11D3-BF4B-00C04F79EFBC}") = "DSP", "may-22\DSP\DSP.csproj", "{1148F555-0955-474A-A21A-CDE12D1F92D3}"
EndProject
Project("{FAE04EC0-301F-11D3-BF4B-00C04F79EFBC}") = "may-23", "may-23\may-23.csproj", "{CFD39EEA-224F-49AD-9CAC-59469B616135}"
EndProject
Project("{FAE04EC0-301F-11D3-BF4B-00C04F79EFBC}") = "Task2", "Task2\Task2.csproj", "{B1E1A722-89C6-4666-8C55-70E8548AE88B}"
EndProject
Project("{FAE04EC0-301F-11D3-BF4B-00C04F79EFBC}") = "FirstAPI", "FirstAPI\FirstAPI.csproj", "{E776370F-727D-469E-B758-3627FEC8F9C9}"
EndProject
Project("{2150E333-8FDC-42A3-9474-1A3956D46DE8}") = "may-27", "may-27", "{F30D9FD2-350B-32DA-4185-A0FA574E40C6}"
EndProject
Project("{FAE04EC0-301F-11D3-BF4B-00C04F79EFBC}") = "task2", "may-27\task2\task2.csproj", "{FF06D468-268B-4883-A91F-D630EAA78166}"
EndProject
Project("{2150E333-8FDC-42A3-9474-1A3956D46DE8}") = "may-29", "may-29", "{129FE250-121F-1389-9798-622518D0A2AC}"
EndProject
Project("{FAE04EC0-301F-11D3-BF4B-00C04F79EFBC}") = "task2", "may-29\task2\task2.csproj", "{742FB2B1-7824-4C72-BB1D-2D1EE5C75733}"
EndProject
Project("{2150E333-8FDC-42A3-9474-1A3956D46DE8}") = "june-5", "june-5", "{531121FB-97A2-8FA6-7D54-3415771D400F}"
EndProject
Project("{FAE04EC0-301F-11D3-BF4B-00C04F79EFBC}") = "task-1", "june-5\task-1\task-1.csproj", "{2FA51AE3-7CBA-4095-A96F-7178C8BA21AB}"
EndProject
Project("{FAE04EC0-301F-11D3-BF4B-00C04F79EFBC}") = "task3", "june-5\task3\task3.csproj", "{A682B5F2-6957-41BF-A8AD-210610C1E6E3}"
EndProject
Global
	GlobalSection(SolutionConfigurationPlatforms) = preSolution
		Debug|Any CPU = Debug|Any CPU
		Debug|x64 = Debug|x64
		Debug|x86 = Debug|x86
		Release|Any CPU = Release|Any CPU
		Release|x64 = Release|x64
		Release|x86 = Release|x86
	EndGlobalSection
	GlobalSection(ProjectConfigurationPlatforms) = postSolution
		{468B71E7-998D-4B75-B61A-8C179B542A92}.Debug|Any CPU.ActiveCfg = Debug|Any CPU
		{468B71E7-998D-4B75-B61A-8C179B542A92}.Debug|Any CPU.Build.0 = Debug|Any CPU
		{468B71E7-998D-4B75-B61A-8C179B542A92}.Debug|x64.ActiveCfg = Debug|Any CPU
		{468B71E7-998D-4B75-B61A-8C179B542A92}.Debug|x64.Build.0 = Debug|Any CPU
		{468B71E7-998D-4B75-B61A-8C179B542A92}.Debug|x86.ActiveCfg = Debug|Any CPU
		{468B71E7-998D-4B75-B61A-8C179B542A92}.Debug|x86.Build.0 = Debug|Any CPU
		{468B71E7-998D-4B75-B61A-8C179B542A92}.Release|Any CPU.ActiveCfg = Release|Any CPU
		{468B71E7-998D-4B75-B61A-8C179B542A92}.Release|Any CPU.Build.0 = Release|Any CPU
		{468B71E7-998D-4B75-B61A-8C179B542A92}.Release|x64.ActiveCfg = Release|Any CPU
		{468B71E7-998D-4B75-B61A-8C179B542A92}.Release|x64.Build.0 = Release|Any CPU
		{468B71E7-998D-4B75-B61A-8C179B542A92}.Release|x86.ActiveCfg = Release|Any CPU
		{468B71E7-998D-4B75-B61A-8C179B542A92}.Release|x86.Build.0 = Release|Any CPU
		{C0443B95-FD51-4B74-ABBA-B508F78AD253}.Debug|Any CPU.ActiveCfg = Debug|Any CPU
		{C0443B95-FD51-4B74-ABBA-B508F78AD253}.Debug|Any CPU.Build.0 = Debug|Any CPU
		{C0443B95-FD51-4B74-ABBA-B508F78AD253}.Debug|x64.ActiveCfg = Debug|Any CPU
		{C0443B95-FD51-4B74-ABBA-B508F78AD253}.Debug|x64.Build.0 = Debug|Any CPU
		{C0443B95-FD51-4B74-ABBA-B508F78AD253}.Debug|x86.ActiveCfg = Debug|Any CPU
		{C0443B95-FD51-4B74-ABBA-B508F78AD253}.Debug|x86.Build.0 = Debug|Any CPU
		{C0443B95-FD51-4B74-ABBA-B508F78AD253}.Release|Any CPU.ActiveCfg = Release|Any CPU
		{C0443B95-FD51-4B74-ABBA-B508F78AD253}.Release|Any CPU.Build.0 = Release|Any CPU
		{C0443B95-FD51-4B74-ABBA-B508F78AD253}.Release|x64.ActiveCfg = Release|Any CPU
		{C0443B95-FD51-4B74-ABBA-B508F78AD253}.Release|x64.Build.0 = Release|Any CPU
		{C0443B95-FD51-4B74-ABBA-B508F78AD253}.Release|x86.ActiveCfg = Release|Any CPU
		{C0443B95-FD51-4B74-ABBA-B508F78AD253}.Release|x86.Build.0 = Release|Any CPU
		{129F7D71-CEA4-44A0-B79A-A41D8EAEC32F}.Debug|Any CPU.ActiveCfg = Debug|Any CPU
		{129F7D71-CEA4-44A0-B79A-A41D8EAEC32F}.Debug|Any CPU.Build.0 = Debug|Any CPU
		{129F7D71-CEA4-44A0-B79A-A41D8EAEC32F}.Debug|x64.ActiveCfg = Debug|Any CPU
		{129F7D71-CEA4-44A0-B79A-A41D8EAEC32F}.Debug|x64.Build.0 = Debug|Any CPU
		{129F7D71-CEA4-44A0-B79A-A41D8EAEC32F}.Debug|x86.ActiveCfg = Debug|Any CPU
		{129F7D71-CEA4-44A0-B79A-A41D8EAEC32F}.Debug|x86.Build.0 = Debug|Any CPU
		{129F7D71-CEA4-44A0-B79A-A41D8EAEC32F}.Release|Any CPU.ActiveCfg = Release|Any CPU
		{129F7D71-CEA4-44A0-B79A-A41D8EAEC32F}.Release|Any CPU.Build.0 = Release|Any CPU
		{129F7D71-CEA4-44A0-B79A-A41D8EAEC32F}.Release|x64.ActiveCfg = Release|Any CPU
		{129F7D71-CEA4-44A0-B79A-A41D8EAEC32F}.Release|x64.Build.0 = Release|Any CPU
		{129F7D71-CEA4-44A0-B79A-A41D8EAEC32F}.Release|x86.ActiveCfg = Release|Any CPU
		{129F7D71-CEA4-44A0-B79A-A41D8EAEC32F}.Release|x86.Build.0 = Release|Any CPU
		{92313672-1CDB-4B65-8263-2AC75DA6F004}.Debug|Any CPU.ActiveCfg = Debug|Any CPU
		{92313672-1CDB-4B65-8263-2AC75DA6F004}.Debug|Any CPU.Build.0 = Debug|Any CPU
		{92313672-1CDB-4B65-8263-2AC75DA6F004}.Debug|x64.ActiveCfg = Debug|Any CPU
		{92313672-1CDB-4B65-8263-2AC75DA6F004}.Debug|x64.Build.0 = Debug|Any CPU
		{92313672-1CDB-4B65-8263-2AC75DA6F004}.Debug|x86.ActiveCfg = Debug|Any CPU
		{92313672-1CDB-4B65-8263-2AC75DA6F004}.Debug|x86.Build.0 = Debug|Any CPU
		{92313672-1CDB-4B65-8263-2AC75DA6F004}.Release|Any CPU.ActiveCfg = Release|Any CPU
		{92313672-1CDB-4B65-8263-2AC75DA6F004}.Release|Any CPU.Build.0 = Release|Any CPU
		{92313672-1CDB-4B65-8263-2AC75DA6F004}.Release|x64.ActiveCfg = Release|Any CPU
		{92313672-1CDB-4B65-8263-2AC75DA6F004}.Release|x64.Build.0 = Release|Any CPU
		{92313672-1CDB-4B65-8263-2AC75DA6F004}.Release|x86.ActiveCfg = Release|Any CPU
		{92313672-1CDB-4B65-8263-2AC75DA6F004}.Release|x86.Build.0 = Release|Any CPU
		{C04D3B46-1580-4355-A9F9-A65A77DDA90B}.Debug|Any CPU.ActiveCfg = Debug|Any CPU
		{C04D3B46-1580-4355-A9F9-A65A77DDA90B}.Debug|Any CPU.Build.0 = Debug|Any CPU
		{C04D3B46-1580-4355-A9F9-A65A77DDA90B}.Debug|x64.ActiveCfg = Debug|Any CPU
		{C04D3B46-1580-4355-A9F9-A65A77DDA90B}.Debug|x64.Build.0 = Debug|Any CPU
		{C04D3B46-1580-4355-A9F9-A65A77DDA90B}.Debug|x86.ActiveCfg = Debug|Any CPU
		{C04D3B46-1580-4355-A9F9-A65A77DDA90B}.Debug|x86.Build.0 = Debug|Any CPU
		{C04D3B46-1580-4355-A9F9-A65A77DDA90B}.Release|Any CPU.ActiveCfg = Release|Any CPU
		{C04D3B46-1580-4355-A9F9-A65A77DDA90B}.Release|Any CPU.Build.0 = Release|Any CPU
		{C04D3B46-1580-4355-A9F9-A65A77DDA90B}.Release|x64.ActiveCfg = Release|Any CPU
		{C04D3B46-1580-4355-A9F9-A65A77DDA90B}.Release|x64.Build.0 = Release|Any CPU
		{C04D3B46-1580-4355-A9F9-A65A77DDA90B}.Release|x86.ActiveCfg = Release|Any CPU
		{C04D3B46-1580-4355-A9F9-A65A77DDA90B}.Release|x86.Build.0 = Release|Any CPU
		{54B7AA4B-AC4C-4BB1-B177-C871A2CF0870}.Debug|Any CPU.ActiveCfg = Debug|Any CPU
		{54B7AA4B-AC4C-4BB1-B177-C871A2CF0870}.Debug|Any CPU.Build.0 = Debug|Any CPU
		{54B7AA4B-AC4C-4BB1-B177-C871A2CF0870}.Debug|x64.ActiveCfg = Debug|Any CPU
		{54B7AA4B-AC4C-4BB1-B177-C871A2CF0870}.Debug|x64.Build.0 = Debug|Any CPU
		{54B7AA4B-AC4C-4BB1-B177-C871A2CF0870}.Debug|x86.ActiveCfg = Debug|Any CPU
		{54B7AA4B-AC4C-4BB1-B177-C871A2CF0870}.Debug|x86.Build.0 = Debug|Any CPU
		{54B7AA4B-AC4C-4BB1-B177-C871A2CF0870}.Release|Any CPU.ActiveCfg = Release|Any CPU
		{54B7AA4B-AC4C-4BB1-B177-C871A2CF0870}.Release|Any CPU.Build.0 = Release|Any CPU
		{54B7AA4B-AC4C-4BB1-B177-C871A2CF0870}.Release|x64.ActiveCfg = Release|Any CPU
		{54B7AA4B-AC4C-4BB1-B177-C871A2CF0870}.Release|x64.Build.0 = Release|Any CPU
		{54B7AA4B-AC4C-4BB1-B177-C871A2CF0870}.Release|x86.ActiveCfg = Release|Any CPU
		{54B7AA4B-AC4C-4BB1-B177-C871A2CF0870}.Release|x86.Build.0 = Release|Any CPU
		{1148F555-0955-474A-A21A-CDE12D1F92D3}.Debug|Any CPU.ActiveCfg = Debug|Any CPU
		{1148F555-0955-474A-A21A-CDE12D1F92D3}.Debug|Any CPU.Build.0 = Debug|Any CPU
		{1148F555-0955-474A-A21A-CDE12D1F92D3}.Debug|x64.ActiveCfg = Debug|Any CPU
		{1148F555-0955-474A-A21A-CDE12D1F92D3}.Debug|x64.Build.0 = Debug|Any CPU
		{1148F555-0955-474A-A21A-CDE12D1F92D3}.Debug|x86.ActiveCfg = Debug|Any CPU
		{1148F555-0955-474A-A21A-CDE12D1F92D3}.Debug|x86.Build.0 = Debug|Any CPU
		{1148F555-0955-474A-A21A-CDE12D1F92D3}.Release|Any CPU.ActiveCfg = Release|Any CPU
		{1148F555-0955-474A-A21A-CDE12D1F92D3}.Release|Any CPU.Build.0 = Release|Any CPU
		{1148F555-0955-474A-A21A-CDE12D1F92D3}.Release|x64.ActiveCfg = Release|Any CPU
		{1148F555-0955-474A-A21A-CDE12D1F92D3}.Release|x64.Build.0 = Release|Any CPU
		{1148F555-0955-474A-A21A-CDE12D1F92D3}.Release|x86.ActiveCfg = Release|Any CPU
		{1148F555-0955-474A-A21A-CDE12D1F92D3}.Release|x86.Build.0 = Release|Any CPU
		{CFD39EEA-224F-49AD-9CAC-59469B616135}.Debug|Any CPU.ActiveCfg = Debug|Any CPU
		{CFD39EEA-224F-49AD-9CAC-59469B616135}.Debug|Any CPU.Build.0 = Debug|Any CPU
		{CFD39EEA-224F-49AD-9CAC-59469B616135}.Debug|x64.ActiveCfg = Debug|Any CPU
		{CFD39EEA-224F-49AD-9CAC-59469B616135}.Debug|x64.Build.0 = Debug|Any CPU
		{CFD39EEA-224F-49AD-9CAC-59469B616135}.Debug|x86.ActiveCfg = Debug|Any CPU
		{CFD39EEA-224F-49AD-9CAC-59469B616135}.Debug|x86.Build.0 = Debug|Any CPU
		{CFD39EEA-224F-49AD-9CAC-59469B616135}.Release|Any CPU.ActiveCfg = Release|Any CPU
		{CFD39EEA-224F-49AD-9CAC-59469B616135}.Release|Any CPU.Build.0 = Release|Any CPU
		{CFD39EEA-224F-49AD-9CAC-59469B616135}.Release|x64.ActiveCfg = Release|Any CPU
		{CFD39EEA-224F-49AD-9CAC-59469B616135}.Release|x64.Build.0 = Release|Any CPU
		{CFD39EEA-224F-49AD-9CAC-59469B616135}.Release|x86.ActiveCfg = Release|Any CPU
		{CFD39EEA-224F-49AD-9CAC-59469B616135}.Release|x86.Build.0 = Release|Any CPU
		{B1E1A722-89C6-4666-8C55-70E8548AE88B}.Debug|Any CPU.ActiveCfg = Debug|Any CPU
		{B1E1A722-89C6-4666-8C55-70E8548AE88B}.Debug|Any CPU.Build.0 = Debug|Any CPU
		{B1E1A722-89C6-4666-8C55-70E8548AE88B}.Debug|x64.ActiveCfg = Debug|Any CPU
		{B1E1A722-89C6-4666-8C55-70E8548AE88B}.Debug|x64.Build.0 = Debug|Any CPU
		{B1E1A722-89C6-4666-8C55-70E8548AE88B}.Debug|x86.ActiveCfg = Debug|Any CPU
		{B1E1A722-89C6-4666-8C55-70E8548AE88B}.Debug|x86.Build.0 = Debug|Any CPU
		{B1E1A722-89C6-4666-8C55-70E8548AE88B}.Release|Any CPU.ActiveCfg = Release|Any CPU
		{B1E1A722-89C6-4666-8C55-70E8548AE88B}.Release|Any CPU.Build.0 = Release|Any CPU
		{B1E1A722-89C6-4666-8C55-70E8548AE88B}.Release|x64.ActiveCfg = Release|Any CPU
		{B1E1A722-89C6-4666-8C55-70E8548AE88B}.Release|x64.Build.0 = Release|Any CPU
		{B1E1A722-89C6-4666-8C55-70E8548AE88B}.Release|x86.ActiveCfg = Release|Any CPU
		{B1E1A722-89C6-4666-8C55-70E8548AE88B}.Release|x86.Build.0 = Release|Any CPU
		{E776370F-727D-469E-B758-3627FEC8F9C9}.Debug|Any CPU.ActiveCfg = Debug|Any CPU
		{E776370F-727D-469E-B758-3627FEC8F9C9}.Debug|Any CPU.Build.0 = Debug|Any CPU
		{E776370F-727D-469E-B758-3627FEC8F9C9}.Debug|x64.ActiveCfg = Debug|Any CPU
		{E776370F-727D-469E-B758-3627FEC8F9C9}.Debug|x64.Build.0 = Debug|Any CPU
		{E776370F-727D-469E-B758-3627FEC8F9C9}.Debug|x86.ActiveCfg = Debug|Any CPU
		{E776370F-727D-469E-B758-3627FEC8F9C9}.Debug|x86.Build.0 = Debug|Any CPU
		{E776370F-727D-469E-B758-3627FEC8F9C9}.Release|Any CPU.ActiveCfg = Release|Any CPU
		{E776370F-727D-469E-B758-3627FEC8F9C9}.Release|Any CPU.Build.0 = Release|Any CPU
		{E776370F-727D-469E-B758-3627FEC8F9C9}.Release|x64.ActiveCfg = Release|Any CPU
		{E776370F-727D-469E-B758-3627FEC8F9C9}.Release|x64.Build.0 = Release|Any CPU
		{E776370F-727D-469E-B758-3627FEC8F9C9}.Release|x86.ActiveCfg = Release|Any CPU
		{E776370F-727D-469E-B758-3627FEC8F9C9}.Release|x86.Build.0 = Release|Any CPU
		{FF06D468-268B-4883-A91F-D630EAA78166}.Debug|Any CPU.ActiveCfg = Debug|Any CPU
		{FF06D468-268B-4883-A91F-D630EAA78166}.Debug|Any CPU.Build.0 = Debug|Any CPU
		{FF06D468-268B-4883-A91F-D630EAA78166}.Debug|x64.ActiveCfg = Debug|Any CPU
		{FF06D468-268B-4883-A91F-D630EAA78166}.Debug|x64.Build.0 = Debug|Any CPU
		{FF06D468-268B-4883-A91F-D630EAA78166}.Debug|x86.ActiveCfg = Debug|Any CPU
		{FF06D468-268B-4883-A91F-D630EAA78166}.Debug|x86.Build.0 = Debug|Any CPU
		{FF06D468-268B-4883-A91F-D630EAA78166}.Release|Any CPU.ActiveCfg = Release|Any CPU
		{FF06D468-268B-4883-A91F-D630EAA78166}.Release|Any CPU.Build.0 = Release|Any CPU
		{FF06D468-268B-4883-A91F-D630EAA78166}.Release|x64.ActiveCfg = Release|Any CPU
		{FF06D468-268B-4883-A91F-D630EAA78166}.Release|x64.Build.0 = Release|Any CPU
		{FF06D468-268B-4883-A91F-D630EAA78166}.Release|x86.ActiveCfg = Release|Any CPU
		{FF06D468-268B-4883-A91F-D630EAA78166}.Release|x86.Build.0 = Release|Any CPU
		{742FB2B1-7824-4C72-BB1D-2D1EE5C75733}.Debug|Any CPU.ActiveCfg = Debug|Any CPU
		{742FB2B1-7824-4C72-BB1D-2D1EE5C75733}.Debug|Any CPU.Build.0 = Debug|Any CPU
		{742FB2B1-7824-4C72-BB1D-2D1EE5C75733}.Debug|x64.ActiveCfg = Debug|Any CPU
		{742FB2B1-7824-4C72-BB1D-2D1EE5C75733}.Debug|x64.Build.0 = Debug|Any CPU
		{742FB2B1-7824-4C72-BB1D-2D1EE5C75733}.Debug|x86.ActiveCfg = Debug|Any CPU
		{742FB2B1-7824-4C72-BB1D-2D1EE5C75733}.Debug|x86.Build.0 = Debug|Any CPU
		{742FB2B1-7824-4C72-BB1D-2D1EE5C75733}.Release|Any CPU.ActiveCfg = Release|Any CPU
		{742FB2B1-7824-4C72-BB1D-2D1EE5C75733}.Release|Any CPU.Build.0 = Release|Any CPU
		{742FB2B1-7824-4C72-BB1D-2D1EE5C75733}.Release|x64.ActiveCfg = Release|Any CPU
		{742FB2B1-7824-4C72-BB1D-2D1EE5C75733}.Release|x64.Build.0 = Release|Any CPU
		{742FB2B1-7824-4C72-BB1D-2D1EE5C75733}.Release|x86.ActiveCfg = Release|Any CPU
		{742FB2B1-7824-4C72-BB1D-2D1EE5C75733}.Release|x86.Build.0 = Release|Any CPU
		{2FA51AE3-7CBA-4095-A96F-7178C8BA21AB}.Debug|Any CPU.ActiveCfg = Debug|Any CPU
		{2FA51AE3-7CBA-4095-A96F-7178C8BA21AB}.Debug|Any CPU.Build.0 = Debug|Any CPU
		{2FA51AE3-7CBA-4095-A96F-7178C8BA21AB}.Debug|x64.ActiveCfg = Debug|Any CPU
		{2FA51AE3-7CBA-4095-A96F-7178C8BA21AB}.Debug|x64.Build.0 = Debug|Any CPU
		{2FA51AE3-7CBA-4095-A96F-7178C8BA21AB}.Debug|x86.ActiveCfg = Debug|Any CPU
		{2FA51AE3-7CBA-4095-A96F-7178C8BA21AB}.Debug|x86.Build.0 = Debug|Any CPU
		{2FA51AE3-7CBA-4095-A96F-7178C8BA21AB}.Release|Any CPU.ActiveCfg = Release|Any CPU
		{2FA51AE3-7CBA-4095-A96F-7178C8BA21AB}.Release|Any CPU.Build.0 = Release|Any CPU
		{2FA51AE3-7CBA-4095-A96F-7178C8BA21AB}.Release|x64.ActiveCfg = Release|Any CPU
		{2FA51AE3-7CBA-4095-A96F-7178C8BA21AB}.Release|x64.Build.0 = Release|Any CPU
		{2FA51AE3-7CBA-4095-A96F-7178C8BA21AB}.Release|x86.ActiveCfg = Release|Any CPU
		{2FA51AE3-7CBA-4095-A96F-7178C8BA21AB}.Release|x86.Build.0 = Release|Any CPU
		{A682B5F2-6957-41BF-A8AD-210610C1E6E3}.Debug|Any CPU.ActiveCfg = Debug|Any CPU
		{A682B5F2-6957-41BF-A8AD-210610C1E6E3}.Debug|Any CPU.Build.0 = Debug|Any CPU
		{A682B5F2-6957-41BF-A8AD-210610C1E6E3}.Debug|x64.ActiveCfg = Debug|Any CPU
		{A682B5F2-6957-41BF-A8AD-210610C1E6E3}.Debug|x64.Build.0 = Debug|Any CPU
		{A682B5F2-6957-41BF-A8AD-210610C1E6E3}.Debug|x86.ActiveCfg = Debug|Any CPU
		{A682B5F2-6957-41BF-A8AD-210610C1E6E3}.Debug|x86.Build.0 = Debug|Any CPU
		{A682B5F2-6957-41BF-A8AD-210610C1E6E3}.Release|Any CPU.ActiveCfg = Release|Any CPU
		{A682B5F2-6957-41BF-A8AD-210610C1E6E3}.Release|Any CPU.Build.0 = Release|Any CPU
		{A682B5F2-6957-41BF-A8AD-210610C1E6E3}.Release|x64.ActiveCfg = Release|Any CPU
		{A682B5F2-6957-41BF-A8AD-210610C1E6E3}.Release|x64.Build.0 = Release|Any CPU
		{A682B5F2-6957-41BF-A8AD-210610C1E6E3}.Release|x86.ActiveCfg = Release|Any CPU
		{A682B5F2-6957-41BF-A8AD-210610C1E6E3}.Release|x86.Build.0 = Release|Any CPU
	EndGlobalSection
	GlobalSection(SolutionProperties) = preSolution
		HideSolutionNode = FALSE
	EndGlobalSection
	GlobalSection(NestedProjects) = preSolution
		{C04D3B46-1580-4355-A9F9-A65A77DDA90B} = {BDE68988-2AA9-B2B1-7DAE-FF44EB3A1611}
		{54B7AA4B-AC4C-4BB1-B177-C871A2CF0870} = {BDE68988-2AA9-B2B1-7DAE-FF44EB3A1611}
		{1148F555-0955-474A-A21A-CDE12D1F92D3} = {BDE68988-2AA9-B2B1-7DAE-FF44EB3A1611}
		{FF06D468-268B-4883-A91F-D630EAA78166} = {F30D9FD2-350B-32DA-4185-A0FA574E40C6}
		{742FB2B1-7824-4C72-BB1D-2D1EE5C75733} = {129FE250-121F-1389-9798-622518D0A2AC}
		{2FA51AE3-7CBA-4095-A96F-7178C8BA21AB} = {531121FB-97A2-8FA6-7D54-3415771D400F}
		{A682B5F2-6957-41BF-A8AD-210610C1E6E3} = {531121FB-97A2-8FA6-7D54-3415771D400F}
	EndGlobalSection
EndGlobal
