
Microsoft Visual Studio Solution File, Format Version 12.00
# Visual Studio Version 17
VisualStudioVersion = 17.5.2.0
MinimumVisualStudioVersion = 10.0.40219.1
Project("{FAE04EC0-301F-11D3-BF4B-00C04F79EFBC}") = "ConsoleApp2", "ConsoleApp2.csproj", "{FBD115B0-51B8-63E0-30E8-1430F1FEF7A7}"
EndProject
Project("{FAE04EC0-301F-11D3-BF4B-00C04F79EFBC}") = "OCMethod", "OCMethod\OCMethod.csproj", "{894E636D-7EEC-4385-B04F-7C3F542C9735}"
EndProject
Global
	GlobalSection(SolutionConfigurationPlatforms) = preSolution
		Debug|Any CPU = Debug|Any CPU
		Debug|x64 = Debug|x64
		Debug|x86 = Debug|x86
		Release|Any CPU = Release|Any CPU
		Release|x64 = Release|x64
		Release|x86 = Release|x86
	EndGlobalSection
	GlobalSection(ProjectConfigurationPlatforms) = postSolution
		{FBD115B0-51B8-63E0-30E8-1430F1FEF7A7}.Debug|Any CPU.ActiveCfg = Debug|Any CPU
		{FBD115B0-51B8-63E0-30E8-1430F1FEF7A7}.Debug|Any CPU.Build.0 = Debug|Any CPU
		{FBD115B0-51B8-63E0-30E8-1430F1FEF7A7}.Debug|x64.ActiveCfg = Debug|Any CPU
		{FBD115B0-51B8-63E0-30E8-1430F1FEF7A7}.Debug|x64.Build.0 = Debug|Any CPU
		{FBD115B0-51B8-63E0-30E8-1430F1FEF7A7}.Debug|x86.ActiveCfg = Debug|Any CPU
		{FBD115B0-51B8-63E0-30E8-1430F1FEF7A7}.Debug|x86.Build.0 = Debug|Any CPU
		{FBD115B0-51B8-63E0-30E8-1430F1FEF7A7}.Release|Any CPU.ActiveCfg = Release|Any CPU
		{FBD115B0-51B8-63E0-30E8-1430F1FEF7A7}.Release|Any CPU.Build.0 = Release|Any CPU
		{FBD115B0-51B8-63E0-30E8-1430F1FEF7A7}.Release|x64.ActiveCfg = Release|Any CPU
		{FBD115B0-51B8-63E0-30E8-1430F1FEF7A7}.Release|x64.Build.0 = Release|Any CPU
		{FBD115B0-51B8-63E0-30E8-1430F1FEF7A7}.Release|x86.ActiveCfg = Release|Any CPU
		{FBD115B0-51B8-63E0-30E8-1430F1FEF7A7}.Release|x86.Build.0 = Release|Any CPU
		{894E636D-7EEC-4385-B04F-7C3F542C9735}.Debug|Any CPU.ActiveCfg = Debug|Any CPU
		{894E636D-7EEC-4385-B04F-7C3F542C9735}.Debug|Any CPU.Build.0 = Debug|Any CPU
		{894E636D-7EEC-4385-B04F-7C3F542C9735}.Debug|x64.ActiveCfg = Debug|Any CPU
		{894E636D-7EEC-4385-B04F-7C3F542C9735}.Debug|x64.Build.0 = Debug|Any CPU
		{894E636D-7EEC-4385-B04F-7C3F542C9735}.Debug|x86.ActiveCfg = Debug|Any CPU
		{894E636D-7EEC-4385-B04F-7C3F542C9735}.Debug|x86.Build.0 = Debug|Any CPU
		{894E636D-7EEC-4385-B04F-7C3F542C9735}.Release|Any CPU.ActiveCfg = Release|Any CPU
		{894E636D-7EEC-4385-B04F-7C3F542C9735}.Release|Any CPU.Build.0 = Release|Any CPU
		{894E636D-7EEC-4385-B04F-7C3F542C9735}.Release|x64.ActiveCfg = Release|Any CPU
		{894E636D-7EEC-4385-B04F-7C3F542C9735}.Release|x64.Build.0 = Release|Any CPU
		{894E636D-7EEC-4385-B04F-7C3F542C9735}.Release|x86.ActiveCfg = Release|Any CPU
		{894E636D-7EEC-4385-B04F-7C3F542C9735}.Release|x86.Build.0 = Release|Any CPU
	EndGlobalSection
	GlobalSection(SolutionProperties) = preSolution
		HideSolutionNode = FALSE
	EndGlobalSection
	GlobalSection(ExtensibilityGlobals) = postSolution
		SolutionGuid = {EB4C287E-188D-4AC8-A274-5F9A6D074DCB}
	EndGlobalSection
EndGlobal
