
Microsoft Visual Studio Solution File, Format Version 12.00
# Visual Studio Version 17
VisualStudioVersion = 17.0.31903.59
MinimumVisualStudioVersion = 10.0.40219.1
Project("{FAE04EC0-301F-11D3-BF4B-00C04F79EFBC}") = "DocumentSharingSystem", "DocumentSharingSystem\DocumentSharingSystem.csproj", "{A258B1E9-1B7A-402F-963C-3217328D3B72}"
EndProject
Project("{FAE04EC0-301F-11D3-BF4B-00C04F79EFBC}") = "DocumentSharingSystem.Test", "DocumentSharingSystem.Test\DocumentSharingSystem.Test.csproj", "{8FC01D13-5251-4ACF-9ED2-E89BBB7BB023}"
EndProject
Global
	GlobalSection(SolutionConfigurationPlatforms) = preSolution
		Debug|Any CPU = Debug|Any CPU
		Debug|x64 = Debug|x64
		Debug|x86 = Debug|x86
		Release|Any CPU = Release|Any CPU
		Release|x64 = Release|x64
		Release|x86 = Release|x86
	EndGlobalSection
	GlobalSection(ProjectConfigurationPlatforms) = postSolution
		{A258B1E9-1B7A-402F-963C-3217328D3B72}.Debug|Any CPU.ActiveCfg = Debug|Any CPU
		{A258B1E9-1B7A-402F-963C-3217328D3B72}.Debug|Any CPU.Build.0 = Debug|Any CPU
		{A258B1E9-1B7A-402F-963C-3217328D3B72}.Debug|x64.ActiveCfg = Debug|Any CPU
		{A258B1E9-1B7A-402F-963C-3217328D3B72}.Debug|x64.Build.0 = Debug|Any CPU
		{A258B1E9-1B7A-402F-963C-3217328D3B72}.Debug|x86.ActiveCfg = Debug|Any CPU
		{A258B1E9-1B7A-402F-963C-3217328D3B72}.Debug|x86.Build.0 = Debug|Any CPU
		{A258B1E9-1B7A-402F-963C-3217328D3B72}.Release|Any CPU.ActiveCfg = Release|Any CPU
		{A258B1E9-1B7A-402F-963C-3217328D3B72}.Release|Any CPU.Build.0 = Release|Any CPU
		{A258B1E9-1B7A-402F-963C-3217328D3B72}.Release|x64.ActiveCfg = Release|Any CPU
		{A258B1E9-1B7A-402F-963C-3217328D3B72}.Release|x64.Build.0 = Release|Any CPU
		{A258B1E9-1B7A-402F-963C-3217328D3B72}.Release|x86.ActiveCfg = Release|Any CPU
		{A258B1E9-1B7A-402F-963C-3217328D3B72}.Release|x86.Build.0 = Release|Any CPU
		{8FC01D13-5251-4ACF-9ED2-E89BBB7BB023}.Debug|Any CPU.ActiveCfg = Debug|Any CPU
		{8FC01D13-5251-4ACF-9ED2-E89BBB7BB023}.Debug|Any CPU.Build.0 = Debug|Any CPU
		{8FC01D13-5251-4ACF-9ED2-E89BBB7BB023}.Debug|x64.ActiveCfg = Debug|Any CPU
		{8FC01D13-5251-4ACF-9ED2-E89BBB7BB023}.Debug|x64.Build.0 = Debug|Any CPU
		{8FC01D13-5251-4ACF-9ED2-E89BBB7BB023}.Debug|x86.ActiveCfg = Debug|Any CPU
		{8FC01D13-5251-4ACF-9ED2-E89BBB7BB023}.Debug|x86.Build.0 = Debug|Any CPU
		{8FC01D13-5251-4ACF-9ED2-E89BBB7BB023}.Release|Any CPU.ActiveCfg = Release|Any CPU
		{8FC01D13-5251-4ACF-9ED2-E89BBB7BB023}.Release|Any CPU.Build.0 = Release|Any CPU
		{8FC01D13-5251-4ACF-9ED2-E89BBB7BB023}.Release|x64.ActiveCfg = Release|Any CPU
		{8FC01D13-5251-4ACF-9ED2-E89BBB7BB023}.Release|x64.Build.0 = Release|Any CPU
		{8FC01D13-5251-4ACF-9ED2-E89BBB7BB023}.Release|x86.ActiveCfg = Release|Any CPU
		{8FC01D13-5251-4ACF-9ED2-E89BBB7BB023}.Release|x86.Build.0 = Release|Any CPU
	EndGlobalSection
	GlobalSection(SolutionProperties) = preSolution
		HideSolutionNode = FALSE
	EndGlobalSection
EndGlobal
